// !$*UTF8*$!
{
	archiveVersion = 1;
	classes = {
	};
	objectVersion = 46;
	objects = {

/* Begin PBXBuildFile section */
		156DED251A9B9CDD00FF8725 /* main.m in Sources */ = {isa = PBXBuildFile; fileRef = 156DED241A9B9CDD00FF8725 /* main.m */; };
		156DED281A9B9CDD00FF8725 /* AppDelegate.m in Sources */ = {isa = PBXBuildFile; fileRef = 156DED271A9B9CDD00FF8725 /* AppDelegate.m */; };
		156DED2B1A9B9CDD00FF8725 /* LiveUI.xcdatamodeld in Sources */ = {isa = PBXBuildFile; fileRef = 156DED291A9B9CDD00FF8725 /* LiveUI.xcdatamodeld */; };
		156DED2E1A9B9CDD00FF8725 /* WBAMasterViewController.m in Sources */ = {isa = PBXBuildFile; fileRef = 156DED2D1A9B9CDD00FF8725 /* WBAMasterViewController.m */; };
		156DED311A9B9CDD00FF8725 /* WBADetailViewController.m in Sources */ = {isa = PBXBuildFile; fileRef = 156DED301A9B9CDD00FF8725 /* WBADetailViewController.m */; };
		156DED341A9B9CDD00FF8725 /* Main.storyboard in Resources */ = {isa = PBXBuildFile; fileRef = 156DED321A9B9CDD00FF8725 /* Main.storyboard */; };
		156DED361A9B9CDD00FF8725 /* Images.xcassets in Resources */ = {isa = PBXBuildFile; fileRef = 156DED351A9B9CDD00FF8725 /* Images.xcassets */; };
		156DED391A9B9CDD00FF8725 /* LaunchScreen.xib in Resources */ = {isa = PBXBuildFile; fileRef = 156DED371A9B9CDD00FF8725 /* LaunchScreen.xib */; };
		156DED451A9B9CDD00FF8725 /* LiveUITests.m in Sources */ = {isa = PBXBuildFile; fileRef = 156DED441A9B9CDD00FF8725 /* LiveUITests.m */; };
		156DED551A9BA19300FF8725 /* WBAEditSettingsViewController.m in Sources */ = {isa = PBXBuildFile; fileRef = 156DED541A9BA19300FF8725 /* WBAEditSettingsViewController.m */; };
		156DED5C1A9C849900FF8725 /* WBASettings.m in Sources */ = {isa = PBXBuildFile; fileRef = 156DED5B1A9C849900FF8725 /* WBASettings.m */; };
		158E96C21A9CE5CB00910246 /* UIBarItem+WBA.m in Sources */ = {isa = PBXBuildFile; fileRef = 158E966D1A9CE5CA00910246 /* UIBarItem+WBA.m */; };
		158E96C31A9CE5CB00910246 /* UIButton+WBA.m in Sources */ = {isa = PBXBuildFile; fileRef = 158E966F1A9CE5CA00910246 /* UIButton+WBA.m */; };
		158E96C41A9CE5CB00910246 /* UILabel+WBA.m in Sources */ = {isa = PBXBuildFile; fileRef = 158E96711A9CE5CA00910246 /* UILabel+WBA.m */; };
		158E96C51A9CE5CB00910246 /* UISearchBar+WBA.m in Sources */ = {isa = PBXBuildFile; fileRef = 158E96731A9CE5CA00910246 /* UISearchBar+WBA.m */; };
		158E96C61A9CE5CB00910246 /* UITextField+WBA.m in Sources */ = {isa = PBXBuildFile; fileRef = 158E96751A9CE5CA00910246 /* UITextField+WBA.m */; };
		158E96C71A9CE5CB00910246 /* UITextView+WBA.m in Sources */ = {isa = PBXBuildFile; fileRef = 158E96771A9CE5CA00910246 /* UITextView+WBA.m */; };
		158E96C81A9CE5CB00910246 /* UIViewController+WBA.m in Sources */ = {isa = PBXBuildFile; fileRef = 158E96791A9CE5CA00910246 /* UIViewController+WBA.m */; };
		158E96C91A9CE5CB00910246 /* WBACache.m in Sources */ = {isa = PBXBuildFile; fileRef = 158E967C1A9CE5CA00910246 /* WBACache.m */; };
		158E96CA1A9CE5CB00910246 /* WBAConfig.m in Sources */ = {isa = PBXBuildFile; fileRef = 158E967E1A9CE5CA00910246 /* WBAConfig.m */; };
		158E96CB1A9CE5CB00910246 /* WBAMain.m in Sources */ = {isa = PBXBuildFile; fileRef = 158E96821A9CE5CA00910246 /* WBAMain.m */; };
		158E96CC1A9CE5CB00910246 /* WBARegisteredElements.m in Sources */ = {isa = PBXBuildFile; fileRef = 158E96861A9CE5CA00910246 /* WBARegisteredElements.m */; };
		158E96CD1A9CE5CB00910246 /* WBATranslationData.m in Sources */ = {isa = PBXBuildFile; fileRef = 158E96881A9CE5CA00910246 /* WBATranslationData.m */; };
		158E96CE1A9CE5CB00910246 /* WBATranslations.m in Sources */ = {isa = PBXBuildFile; fileRef = 158E968A1A9CE5CA00910246 /* WBATranslations.m */; };
		158E96D01A9CE5CB00910246 /* UIActivityIndicatorView+WBANetworking.m in Sources */ = {isa = PBXBuildFile; fileRef = 158E96921A9CE5CB00910246 /* UIActivityIndicatorView+WBANetworking.m */; };
		158E96D11A9CE5CB00910246 /* UIAlertView+WBANetworking.m in Sources */ = {isa = PBXBuildFile; fileRef = 158E96941A9CE5CB00910246 /* UIAlertView+WBANetworking.m */; };
		158E96D21A9CE5CB00910246 /* UIButton+WBANetworking.m in Sources */ = {isa = PBXBuildFile; fileRef = 158E96961A9CE5CB00910246 /* UIButton+WBANetworking.m */; };
		158E96D31A9CE5CB00910246 /* UIImageView+WBANetworking.m in Sources */ = {isa = PBXBuildFile; fileRef = 158E96981A9CE5CB00910246 /* UIImageView+WBANetworking.m */; };
		158E96D41A9CE5CB00910246 /* UIProgressView+WBANetworking.m in Sources */ = {isa = PBXBuildFile; fileRef = 158E969B1A9CE5CB00910246 /* UIProgressView+WBANetworking.m */; };
		158E96D51A9CE5CB00910246 /* UIRefreshControl+WBANetworking.m in Sources */ = {isa = PBXBuildFile; fileRef = 158E969D1A9CE5CB00910246 /* UIRefreshControl+WBANetworking.m */; };
		158E96D61A9CE5CB00910246 /* UIWebView+WBANetworking.m in Sources */ = {isa = PBXBuildFile; fileRef = 158E969F1A9CE5CB00910246 /* UIWebView+WBANetworking.m */; };
		158E96D71A9CE5CB00910246 /* WBANetworkActivityIndicatorManager.m in Sources */ = {isa = PBXBuildFile; fileRef = 158E96A11A9CE5CB00910246 /* WBANetworkActivityIndicatorManager.m */; };
		158E96D81A9CE5CB00910246 /* WBAHTTPRequestOperation.m in Sources */ = {isa = PBXBuildFile; fileRef = 158E96A41A9CE5CB00910246 /* WBAHTTPRequestOperation.m */; };
		158E96D91A9CE5CB00910246 /* WBAHTTPRequestOperationManager.m in Sources */ = {isa = PBXBuildFile; fileRef = 158E96A61A9CE5CB00910246 /* WBAHTTPRequestOperationManager.m */; };
		158E96DA1A9CE5CB00910246 /* WBAHTTPSessionManager.m in Sources */ = {isa = PBXBuildFile; fileRef = 158E96A81A9CE5CB00910246 /* WBAHTTPSessionManager.m */; };
		158E96DB1A9CE5CB00910246 /* WBANetworkReachabilityManager.m in Sources */ = {isa = PBXBuildFile; fileRef = 158E96AB1A9CE5CB00910246 /* WBANetworkReachabilityManager.m */; };
		158E96DC1A9CE5CB00910246 /* WBASecurityPolicy.m in Sources */ = {isa = PBXBuildFile; fileRef = 158E96AD1A9CE5CB00910246 /* WBASecurityPolicy.m */; };
		158E96DD1A9CE5CB00910246 /* WBAURLConnectionOperation.m in Sources */ = {isa = PBXBuildFile; fileRef = 158E96AF1A9CE5CB00910246 /* WBAURLConnectionOperation.m */; };
		158E96DE1A9CE5CB00910246 /* WBAURLRequestSerialization.m in Sources */ = {isa = PBXBuildFile; fileRef = 158E96B11A9CE5CB00910246 /* WBAURLRequestSerialization.m */; };
		158E96DF1A9CE5CB00910246 /* WBAURLResponseSerialization.m in Sources */ = {isa = PBXBuildFile; fileRef = 158E96B31A9CE5CB00910246 /* WBAURLResponseSerialization.m */; };
		158E96E01A9CE5CB00910246 /* WBAURLSessionManager.m in Sources */ = {isa = PBXBuildFile; fileRef = 158E96B51A9CE5CB00910246 /* WBAURLSessionManager.m */; };
		158E96EF1A9CEB6D00910246 /* WBALanguage.m in Sources */ = {isa = PBXBuildFile; fileRef = 158E96EE1A9CEB6D00910246 /* WBALanguage.m */; };
		158E96F21A9CED8100910246 /* WBAKeyDetailViewController.m in Sources */ = {isa = PBXBuildFile; fileRef = 158E96F11A9CED8100910246 /* WBAKeyDetailViewController.m */; };
		DC405F5BCE0743B71E727624 /* libPods.a in Frameworks */ = {isa = PBXBuildFile; fileRef = 8E1F04CB07E19B45422898A7 /* libPods.a */; };
/* End PBXBuildFile section */

/* Begin PBXContainerItemProxy section */
		156DED3F1A9B9CDD00FF8725 /* PBXContainerItemProxy */ = {
			isa = PBXContainerItemProxy;
			containerPortal = 156DED171A9B9CDD00FF8725 /* Project object */;
			proxyType = 1;
			remoteGlobalIDString = 156DED1E1A9B9CDD00FF8725;
			remoteInfo = LiveUI;
		};
/* End PBXContainerItemProxy section */

/* Begin PBXFileReference section */
		156DED1F1A9B9CDD00FF8725 /* LiveUI.app */ = {isa = PBXFileReference; explicitFileType = wrapper.application; includeInIndex = 0; path = LiveUI.app; sourceTree = BUILT_PRODUCTS_DIR; };
		156DED231A9B9CDD00FF8725 /* Info.plist */ = {isa = PBXFileReference; lastKnownFileType = text.plist.xml; path = Info.plist; sourceTree = "<group>"; };
		156DED241A9B9CDD00FF8725 /* main.m */ = {isa = PBXFileReference; lastKnownFileType = sourcecode.c.objc; path = main.m; sourceTree = "<group>"; };
		156DED261A9B9CDD00FF8725 /* AppDelegate.h */ = {isa = PBXFileReference; lastKnownFileType = sourcecode.c.h; path = AppDelegate.h; sourceTree = "<group>"; };
		156DED271A9B9CDD00FF8725 /* AppDelegate.m */ = {isa = PBXFileReference; lastKnownFileType = sourcecode.c.objc; path = AppDelegate.m; sourceTree = "<group>"; };
		156DED2A1A9B9CDD00FF8725 /* LiveUI.xcdatamodel */ = {isa = PBXFileReference; lastKnownFileType = wrapper.xcdatamodel; path = LiveUI.xcdatamodel; sourceTree = "<group>"; };
		156DED2C1A9B9CDD00FF8725 /* WBAMasterViewController.h */ = {isa = PBXFileReference; lastKnownFileType = sourcecode.c.h; path = WBAMasterViewController.h; sourceTree = "<group>"; };
		156DED2D1A9B9CDD00FF8725 /* WBAMasterViewController.m */ = {isa = PBXFileReference; lastKnownFileType = sourcecode.c.objc; path = WBAMasterViewController.m; sourceTree = "<group>"; };
		156DED2F1A9B9CDD00FF8725 /* WBADetailViewController.h */ = {isa = PBXFileReference; lastKnownFileType = sourcecode.c.h; path = WBADetailViewController.h; sourceTree = "<group>"; };
		156DED301A9B9CDD00FF8725 /* WBADetailViewController.m */ = {isa = PBXFileReference; lastKnownFileType = sourcecode.c.objc; path = WBADetailViewController.m; sourceTree = "<group>"; };
		156DED331A9B9CDD00FF8725 /* Base */ = {isa = PBXFileReference; lastKnownFileType = file.storyboard; name = Base; path = Base.lproj/Main.storyboard; sourceTree = "<group>"; };
		156DED351A9B9CDD00FF8725 /* Images.xcassets */ = {isa = PBXFileReference; lastKnownFileType = folder.assetcatalog; path = Images.xcassets; sourceTree = "<group>"; };
		156DED381A9B9CDD00FF8725 /* Base */ = {isa = PBXFileReference; lastKnownFileType = file.xib; name = Base; path = Base.lproj/LaunchScreen.xib; sourceTree = "<group>"; };
		156DED3E1A9B9CDD00FF8725 /* LiveUITests.xctest */ = {isa = PBXFileReference; explicitFileType = wrapper.cfbundle; includeInIndex = 0; path = LiveUITests.xctest; sourceTree = BUILT_PRODUCTS_DIR; };
		156DED431A9B9CDD00FF8725 /* Info.plist */ = {isa = PBXFileReference; lastKnownFileType = text.plist.xml; path = Info.plist; sourceTree = "<group>"; };
		156DED441A9B9CDD00FF8725 /* LiveUITests.m */ = {isa = PBXFileReference; lastKnownFileType = sourcecode.c.objc; path = LiveUITests.m; sourceTree = "<group>"; };
		156DED531A9BA19300FF8725 /* WBAEditSettingsViewController.h */ = {isa = PBXFileReference; fileEncoding = 4; lastKnownFileType = sourcecode.c.h; path = WBAEditSettingsViewController.h; sourceTree = "<group>"; };
		156DED541A9BA19300FF8725 /* WBAEditSettingsViewController.m */ = {isa = PBXFileReference; fileEncoding = 4; lastKnownFileType = sourcecode.c.objc; path = WBAEditSettingsViewController.m; sourceTree = "<group>"; };
		156DED5A1A9C849900FF8725 /* WBASettings.h */ = {isa = PBXFileReference; fileEncoding = 4; lastKnownFileType = sourcecode.c.h; path = WBASettings.h; sourceTree = "<group>"; };
		156DED5B1A9C849900FF8725 /* WBASettings.m */ = {isa = PBXFileReference; fileEncoding = 4; lastKnownFileType = sourcecode.c.objc; path = WBASettings.m; sourceTree = "<group>"; };
		158E961E1A9CD68E00910246 /* WBA2.framework */ = {isa = PBXFileReference; lastKnownFileType = wrapper.framework; path = WBA2.framework; sourceTree = "<group>"; };
		158E966C1A9CE5CA00910246 /* UIBarItem+WBA.h */ = {isa = PBXFileReference; fileEncoding = 4; lastKnownFileType = sourcecode.c.h; path = "UIBarItem+WBA.h"; sourceTree = "<group>"; };
		158E966D1A9CE5CA00910246 /* UIBarItem+WBA.m */ = {isa = PBXFileReference; fileEncoding = 4; lastKnownFileType = sourcecode.c.objc; path = "UIBarItem+WBA.m"; sourceTree = "<group>"; };
		158E966E1A9CE5CA00910246 /* UIButton+WBA.h */ = {isa = PBXFileReference; fileEncoding = 4; lastKnownFileType = sourcecode.c.h; path = "UIButton+WBA.h"; sourceTree = "<group>"; };
		158E966F1A9CE5CA00910246 /* UIButton+WBA.m */ = {isa = PBXFileReference; fileEncoding = 4; lastKnownFileType = sourcecode.c.objc; path = "UIButton+WBA.m"; sourceTree = "<group>"; };
		158E96701A9CE5CA00910246 /* UILabel+WBA.h */ = {isa = PBXFileReference; fileEncoding = 4; lastKnownFileType = sourcecode.c.h; path = "UILabel+WBA.h"; sourceTree = "<group>"; };
		158E96711A9CE5CA00910246 /* UILabel+WBA.m */ = {isa = PBXFileReference; fileEncoding = 4; lastKnownFileType = sourcecode.c.objc; path = "UILabel+WBA.m"; sourceTree = "<group>"; };
		158E96721A9CE5CA00910246 /* UISearchBar+WBA.h */ = {isa = PBXFileReference; fileEncoding = 4; lastKnownFileType = sourcecode.c.h; path = "UISearchBar+WBA.h"; sourceTree = "<group>"; };
		158E96731A9CE5CA00910246 /* UISearchBar+WBA.m */ = {isa = PBXFileReference; fileEncoding = 4; lastKnownFileType = sourcecode.c.objc; path = "UISearchBar+WBA.m"; sourceTree = "<group>"; };
		158E96741A9CE5CA00910246 /* UITextField+WBA.h */ = {isa = PBXFileReference; fileEncoding = 4; lastKnownFileType = sourcecode.c.h; path = "UITextField+WBA.h"; sourceTree = "<group>"; };
		158E96751A9CE5CA00910246 /* UITextField+WBA.m */ = {isa = PBXFileReference; fileEncoding = 4; lastKnownFileType = sourcecode.c.objc; path = "UITextField+WBA.m"; sourceTree = "<group>"; };
		158E96761A9CE5CA00910246 /* UITextView+WBA.h */ = {isa = PBXFileReference; fileEncoding = 4; lastKnownFileType = sourcecode.c.h; path = "UITextView+WBA.h"; sourceTree = "<group>"; };
		158E96771A9CE5CA00910246 /* UITextView+WBA.m */ = {isa = PBXFileReference; fileEncoding = 4; lastKnownFileType = sourcecode.c.objc; path = "UITextView+WBA.m"; sourceTree = "<group>"; };
		158E96781A9CE5CA00910246 /* UIViewController+WBA.h */ = {isa = PBXFileReference; fileEncoding = 4; lastKnownFileType = sourcecode.c.h; path = "UIViewController+WBA.h"; sourceTree = "<group>"; };
		158E96791A9CE5CA00910246 /* UIViewController+WBA.m */ = {isa = PBXFileReference; fileEncoding = 4; lastKnownFileType = sourcecode.c.objc; path = "UIViewController+WBA.m"; sourceTree = "<group>"; };
		158E967B1A9CE5CA00910246 /* WBACache.h */ = {isa = PBXFileReference; fileEncoding = 4; lastKnownFileType = sourcecode.c.h; path = WBACache.h; sourceTree = "<group>"; };
		158E967C1A9CE5CA00910246 /* WBACache.m */ = {isa = PBXFileReference; fileEncoding = 4; lastKnownFileType = sourcecode.c.objc; path = WBACache.m; sourceTree = "<group>"; };
		158E967D1A9CE5CA00910246 /* WBAConfig.h */ = {isa = PBXFileReference; fileEncoding = 4; lastKnownFileType = sourcecode.c.h; path = WBAConfig.h; sourceTree = "<group>"; };
		158E967E1A9CE5CA00910246 /* WBAConfig.m */ = {isa = PBXFileReference; fileEncoding = 4; lastKnownFileType = sourcecode.c.objc; path = WBAConfig.m; sourceTree = "<group>"; };
		158E967F1A9CE5CA00910246 /* WBAEnums.h */ = {isa = PBXFileReference; fileEncoding = 4; lastKnownFileType = sourcecode.c.h; path = WBAEnums.h; sourceTree = "<group>"; };
		158E96801A9CE5CA00910246 /* WBAMacros.h */ = {isa = PBXFileReference; fileEncoding = 4; lastKnownFileType = sourcecode.c.h; path = WBAMacros.h; sourceTree = "<group>"; };
		158E96811A9CE5CA00910246 /* WBAMain.h */ = {isa = PBXFileReference; fileEncoding = 4; lastKnownFileType = sourcecode.c.h; path = WBAMain.h; sourceTree = "<group>"; };
		158E96821A9CE5CA00910246 /* WBAMain.m */ = {isa = PBXFileReference; fileEncoding = 4; lastKnownFileType = sourcecode.c.objc; path = WBAMain.m; sourceTree = "<group>"; };
		158E96831A9CE5CA00910246 /* WBAMainPrivate.h */ = {isa = PBXFileReference; fileEncoding = 4; lastKnownFileType = sourcecode.c.h; path = WBAMainPrivate.h; sourceTree = "<group>"; };
		158E96841A9CE5CA00910246 /* WBAPrivateEnums.h */ = {isa = PBXFileReference; fileEncoding = 4; lastKnownFileType = sourcecode.c.h; path = WBAPrivateEnums.h; sourceTree = "<group>"; };
		158E96851A9CE5CA00910246 /* WBARegisteredElements.h */ = {isa = PBXFileReference; fileEncoding = 4; lastKnownFileType = sourcecode.c.h; path = WBARegisteredElements.h; sourceTree = "<group>"; };
		158E96861A9CE5CA00910246 /* WBARegisteredElements.m */ = {isa = PBXFileReference; fileEncoding = 4; lastKnownFileType = sourcecode.c.objc; path = WBARegisteredElements.m; sourceTree = "<group>"; };
		158E96871A9CE5CA00910246 /* WBATranslationData.h */ = {isa = PBXFileReference; fileEncoding = 4; lastKnownFileType = sourcecode.c.h; path = WBATranslationData.h; sourceTree = "<group>"; };
		158E96881A9CE5CA00910246 /* WBATranslationData.m */ = {isa = PBXFileReference; fileEncoding = 4; lastKnownFileType = sourcecode.c.objc; path = WBATranslationData.m; sourceTree = "<group>"; };
		158E96891A9CE5CA00910246 /* WBATranslations.h */ = {isa = PBXFileReference; fileEncoding = 4; lastKnownFileType = sourcecode.c.h; path = WBATranslations.h; sourceTree = "<group>"; };
		158E968A1A9CE5CA00910246 /* WBATranslations.m */ = {isa = PBXFileReference; fileEncoding = 4; lastKnownFileType = sourcecode.c.objc; path = WBATranslations.m; sourceTree = "<group>"; };
		158E96911A9CE5CB00910246 /* UIActivityIndicatorView+WBANetworking.h */ = {isa = PBXFileReference; fileEncoding = 4; lastKnownFileType = sourcecode.c.h; path = "UIActivityIndicatorView+WBANetworking.h"; sourceTree = "<group>"; };
		158E96921A9CE5CB00910246 /* UIActivityIndicatorView+WBANetworking.m */ = {isa = PBXFileReference; fileEncoding = 4; lastKnownFileType = sourcecode.c.objc; path = "UIActivityIndicatorView+WBANetworking.m"; sourceTree = "<group>"; };
		158E96931A9CE5CB00910246 /* UIAlertView+WBANetworking.h */ = {isa = PBXFileReference; fileEncoding = 4; lastKnownFileType = sourcecode.c.h; path = "UIAlertView+WBANetworking.h"; sourceTree = "<group>"; };
		158E96941A9CE5CB00910246 /* UIAlertView+WBANetworking.m */ = {isa = PBXFileReference; fileEncoding = 4; lastKnownFileType = sourcecode.c.objc; path = "UIAlertView+WBANetworking.m"; sourceTree = "<group>"; };
		158E96951A9CE5CB00910246 /* UIButton+WBANetworking.h */ = {isa = PBXFileReference; fileEncoding = 4; lastKnownFileType = sourcecode.c.h; path = "UIButton+WBANetworking.h"; sourceTree = "<group>"; };
		158E96961A9CE5CB00910246 /* UIButton+WBANetworking.m */ = {isa = PBXFileReference; fileEncoding = 4; lastKnownFileType = sourcecode.c.objc; path = "UIButton+WBANetworking.m"; sourceTree = "<group>"; };
		158E96971A9CE5CB00910246 /* UIImageView+WBANetworking.h */ = {isa = PBXFileReference; fileEncoding = 4; lastKnownFileType = sourcecode.c.h; path = "UIImageView+WBANetworking.h"; sourceTree = "<group>"; };
		158E96981A9CE5CB00910246 /* UIImageView+WBANetworking.m */ = {isa = PBXFileReference; fileEncoding = 4; lastKnownFileType = sourcecode.c.objc; path = "UIImageView+WBANetworking.m"; sourceTree = "<group>"; };
		158E96991A9CE5CB00910246 /* UIKit+WBANetworking.h */ = {isa = PBXFileReference; fileEncoding = 4; lastKnownFileType = sourcecode.c.h; path = "UIKit+WBANetworking.h"; sourceTree = "<group>"; };
		158E969A1A9CE5CB00910246 /* UIProgressView+WBANetworking.h */ = {isa = PBXFileReference; fileEncoding = 4; lastKnownFileType = sourcecode.c.h; path = "UIProgressView+WBANetworking.h"; sourceTree = "<group>"; };
		158E969B1A9CE5CB00910246 /* UIProgressView+WBANetworking.m */ = {isa = PBXFileReference; fileEncoding = 4; lastKnownFileType = sourcecode.c.objc; path = "UIProgressView+WBANetworking.m"; sourceTree = "<group>"; };
		158E969C1A9CE5CB00910246 /* UIRefreshControl+WBANetworking.h */ = {isa = PBXFileReference; fileEncoding = 4; lastKnownFileType = sourcecode.c.h; path = "UIRefreshControl+WBANetworking.h"; sourceTree = "<group>"; };
		158E969D1A9CE5CB00910246 /* UIRefreshControl+WBANetworking.m */ = {isa = PBXFileReference; fileEncoding = 4; lastKnownFileType = sourcecode.c.objc; path = "UIRefreshControl+WBANetworking.m"; sourceTree = "<group>"; };
		158E969E1A9CE5CB00910246 /* UIWebView+WBANetworking.h */ = {isa = PBXFileReference; fileEncoding = 4; lastKnownFileType = sourcecode.c.h; path = "UIWebView+WBANetworking.h"; sourceTree = "<group>"; };
		158E969F1A9CE5CB00910246 /* UIWebView+WBANetworking.m */ = {isa = PBXFileReference; fileEncoding = 4; lastKnownFileType = sourcecode.c.objc; path = "UIWebView+WBANetworking.m"; sourceTree = "<group>"; };
		158E96A01A9CE5CB00910246 /* WBANetworkActivityIndicatorManager.h */ = {isa = PBXFileReference; fileEncoding = 4; lastKnownFileType = sourcecode.c.h; path = WBANetworkActivityIndicatorManager.h; sourceTree = "<group>"; };
		158E96A11A9CE5CB00910246 /* WBANetworkActivityIndicatorManager.m */ = {isa = PBXFileReference; fileEncoding = 4; lastKnownFileType = sourcecode.c.objc; path = WBANetworkActivityIndicatorManager.m; sourceTree = "<group>"; };
		158E96A31A9CE5CB00910246 /* WBAHTTPRequestOperation.h */ = {isa = PBXFileReference; fileEncoding = 4; lastKnownFileType = sourcecode.c.h; path = WBAHTTPRequestOperation.h; sourceTree = "<group>"; };
		158E96A41A9CE5CB00910246 /* WBAHTTPRequestOperation.m */ = {isa = PBXFileReference; fileEncoding = 4; lastKnownFileType = sourcecode.c.objc; path = WBAHTTPRequestOperation.m; sourceTree = "<group>"; };
		158E96A51A9CE5CB00910246 /* WBAHTTPRequestOperationManager.h */ = {isa = PBXFileReference; fileEncoding = 4; lastKnownFileType = sourcecode.c.h; path = WBAHTTPRequestOperationManager.h; sourceTree = "<group>"; };
		158E96A61A9CE5CB00910246 /* WBAHTTPRequestOperationManager.m */ = {isa = PBXFileReference; fileEncoding = 4; lastKnownFileType = sourcecode.c.objc; path = WBAHTTPRequestOperationManager.m; sourceTree = "<group>"; };
		158E96A71A9CE5CB00910246 /* WBAHTTPSessionManager.h */ = {isa = PBXFileReference; fileEncoding = 4; lastKnownFileType = sourcecode.c.h; path = WBAHTTPSessionManager.h; sourceTree = "<group>"; };
		158E96A81A9CE5CB00910246 /* WBAHTTPSessionManager.m */ = {isa = PBXFileReference; fileEncoding = 4; lastKnownFileType = sourcecode.c.objc; path = WBAHTTPSessionManager.m; sourceTree = "<group>"; };
		158E96A91A9CE5CB00910246 /* WBANetworking.h */ = {isa = PBXFileReference; fileEncoding = 4; lastKnownFileType = sourcecode.c.h; path = WBANetworking.h; sourceTree = "<group>"; };
		158E96AA1A9CE5CB00910246 /* WBANetworkReachabilityManager.h */ = {isa = PBXFileReference; fileEncoding = 4; lastKnownFileType = sourcecode.c.h; path = WBANetworkReachabilityManager.h; sourceTree = "<group>"; };
		158E96AB1A9CE5CB00910246 /* WBANetworkReachabilityManager.m */ = {isa = PBXFileReference; fileEncoding = 4; lastKnownFileType = sourcecode.c.objc; path = WBANetworkReachabilityManager.m; sourceTree = "<group>"; };
		158E96AC1A9CE5CB00910246 /* WBASecurityPolicy.h */ = {isa = PBXFileReference; fileEncoding = 4; lastKnownFileType = sourcecode.c.h; path = WBASecurityPolicy.h; sourceTree = "<group>"; };
		158E96AD1A9CE5CB00910246 /* WBASecurityPolicy.m */ = {isa = PBXFileReference; fileEncoding = 4; lastKnownFileType = sourcecode.c.objc; path = WBASecurityPolicy.m; sourceTree = "<group>"; };
		158E96AE1A9CE5CB00910246 /* WBAURLConnectionOperation.h */ = {isa = PBXFileReference; fileEncoding = 4; lastKnownFileType = sourcecode.c.h; path = WBAURLConnectionOperation.h; sourceTree = "<group>"; };
		158E96AF1A9CE5CB00910246 /* WBAURLConnectionOperation.m */ = {isa = PBXFileReference; fileEncoding = 4; lastKnownFileType = sourcecode.c.objc; path = WBAURLConnectionOperation.m; sourceTree = "<group>"; };
		158E96B01A9CE5CB00910246 /* WBAURLRequestSerialization.h */ = {isa = PBXFileReference; fileEncoding = 4; lastKnownFileType = sourcecode.c.h; path = WBAURLRequestSerialization.h; sourceTree = "<group>"; };
		158E96B11A9CE5CB00910246 /* WBAURLRequestSerialization.m */ = {isa = PBXFileReference; fileEncoding = 4; lastKnownFileType = sourcecode.c.objc; path = WBAURLRequestSerialization.m; sourceTree = "<group>"; };
		158E96B21A9CE5CB00910246 /* WBAURLResponseSerialization.h */ = {isa = PBXFileReference; fileEncoding = 4; lastKnownFileType = sourcecode.c.h; path = WBAURLResponseSerialization.h; sourceTree = "<group>"; };
		158E96B31A9CE5CB00910246 /* WBAURLResponseSerialization.m */ = {isa = PBXFileReference; fileEncoding = 4; lastKnownFileType = sourcecode.c.objc; path = WBAURLResponseSerialization.m; sourceTree = "<group>"; };
		158E96B41A9CE5CB00910246 /* WBAURLSessionManager.h */ = {isa = PBXFileReference; fileEncoding = 4; lastKnownFileType = sourcecode.c.h; path = WBAURLSessionManager.h; sourceTree = "<group>"; };
		158E96B51A9CE5CB00910246 /* WBAURLSessionManager.m */ = {isa = PBXFileReference; fileEncoding = 4; lastKnownFileType = sourcecode.c.objc; path = WBAURLSessionManager.m; sourceTree = "<group>"; };
		158E96ED1A9CEB6D00910246 /* WBALanguage.h */ = {isa = PBXFileReference; fileEncoding = 4; lastKnownFileType = sourcecode.c.h; path = WBALanguage.h; sourceTree = "<group>"; };
		158E96EE1A9CEB6D00910246 /* WBALanguage.m */ = {isa = PBXFileReference; fileEncoding = 4; lastKnownFileType = sourcecode.c.objc; path = WBALanguage.m; sourceTree = "<group>"; };
		158E96F01A9CED8100910246 /* WBAKeyDetailViewController.h */ = {isa = PBXFileReference; fileEncoding = 4; lastKnownFileType = sourcecode.c.h; path = WBAKeyDetailViewController.h; sourceTree = "<group>"; };
		158E96F11A9CED8100910246 /* WBAKeyDetailViewController.m */ = {isa = PBXFileReference; fileEncoding = 4; lastKnownFileType = sourcecode.c.objc; path = WBAKeyDetailViewController.m; sourceTree = "<group>"; };
		7137CAB6F947C83B601327C6 /* Pods.release.xcconfig */ = {isa = PBXFileReference; includeInIndex = 1; lastKnownFileType = text.xcconfig; name = Pods.release.xcconfig; path = "Pods/Target Support Files/Pods/Pods.release.xcconfig"; sourceTree = "<group>"; };
		8E1F04CB07E19B45422898A7 /* libPods.a */ = {isa = PBXFileReference; explicitFileType = archive.ar; includeInIndex = 0; path = libPods.a; sourceTree = BUILT_PRODUCTS_DIR; };
		D820F5E94CC73BB8C745A0FD /* Pods.debug.xcconfig */ = {isa = PBXFileReference; includeInIndex = 1; lastKnownFileType = text.xcconfig; name = Pods.debug.xcconfig; path = "Pods/Target Support Files/Pods/Pods.debug.xcconfig"; sourceTree = "<group>"; };
/* End PBXFileReference section */

/* Begin PBXFrameworksBuildPhase section */
		156DED1C1A9B9CDD00FF8725 /* Frameworks */ = {
			isa = PBXFrameworksBuildPhase;
			buildActionMask = 2147483647;
			files = (
				DC405F5BCE0743B71E727624 /* libPods.a in Frameworks */,
			);
			runOnlyForDeploymentPostprocessing = 0;
		};
		156DED3B1A9B9CDD00FF8725 /* Frameworks */ = {
			isa = PBXFrameworksBuildPhase;
			buildActionMask = 2147483647;
			files = (
			);
			runOnlyForDeploymentPostprocessing = 0;
		};
/* End PBXFrameworksBuildPhase section */

/* Begin PBXGroup section */
		156DED161A9B9CDD00FF8725 = {
			isa = PBXGroup;
			children = (
				156DED211A9B9CDD00FF8725 /* LiveUI */,
				156DED221A9B9CDD00FF8725 /* Supporting Files */,
				156DED411A9B9CDD00FF8725 /* LiveUITests */,
				156DED201A9B9CDD00FF8725 /* Products */,
				DA0CE5D101799937C6F6B9B6 /* Pods */,
				5C494F4B658A5F72650BFF36 /* Frameworks */,
			);
			sourceTree = "<group>";
		};
		156DED201A9B9CDD00FF8725 /* Products */ = {
			isa = PBXGroup;
			children = (
				156DED1F1A9B9CDD00FF8725 /* LiveUI.app */,
				156DED3E1A9B9CDD00FF8725 /* LiveUITests.xctest */,
			);
			name = Products;
			sourceTree = "<group>";
		};
		156DED211A9B9CDD00FF8725 /* LiveUI */ = {
			isa = PBXGroup;
			children = (
				158E96511A9CE5CA00910246 /* Thirdparty */,
				156DED591A9C846A00FF8725 /* Model */,
				156DED511A9B9E3100FF8725 /* Views */,
				156DED4E1A9B9CF000FF8725 /* Controllers */,
				156DED261A9B9CDD00FF8725 /* AppDelegate.h */,
				156DED271A9B9CDD00FF8725 /* AppDelegate.m */,
			);
			path = LiveUI;
			sourceTree = "<group>";
		};
		156DED221A9B9CDD00FF8725 /* Supporting Files */ = {
			isa = PBXGroup;
			children = (
				156DED351A9B9CDD00FF8725 /* Images.xcassets */,
				156DED321A9B9CDD00FF8725 /* Main.storyboard */,
				156DED371A9B9CDD00FF8725 /* LaunchScreen.xib */,
				156DED291A9B9CDD00FF8725 /* LiveUI.xcdatamodeld */,
				156DED231A9B9CDD00FF8725 /* Info.plist */,
				156DED241A9B9CDD00FF8725 /* main.m */,
			);
			name = "Supporting Files";
			path = LiveUI;
			sourceTree = "<group>";
		};
		156DED411A9B9CDD00FF8725 /* LiveUITests */ = {
			isa = PBXGroup;
			children = (
				156DED441A9B9CDD00FF8725 /* LiveUITests.m */,
				156DED421A9B9CDD00FF8725 /* Supporting Files */,
			);
			path = LiveUITests;
			sourceTree = "<group>";
		};
		156DED421A9B9CDD00FF8725 /* Supporting Files */ = {
			isa = PBXGroup;
			children = (
				156DED431A9B9CDD00FF8725 /* Info.plist */,
			);
			name = "Supporting Files";
			sourceTree = "<group>";
		};
		156DED4E1A9B9CF000FF8725 /* Controllers */ = {
			isa = PBXGroup;
			children = (
				156DED521A9BA16900FF8725 /* Edit & Add settings */,
				156DED4F1A9B9D0E00FF8725 /* Menu */,
				156DED501A9B9D2500FF8725 /* Detail */,
			);
			name = Controllers;
			sourceTree = "<group>";
		};
		156DED4F1A9B9D0E00FF8725 /* Menu */ = {
			isa = PBXGroup;
			children = (
				156DED2C1A9B9CDD00FF8725 /* WBAMasterViewController.h */,
				156DED2D1A9B9CDD00FF8725 /* WBAMasterViewController.m */,
			);
			name = Menu;
			sourceTree = "<group>";
		};
		156DED501A9B9D2500FF8725 /* Detail */ = {
			isa = PBXGroup;
			children = (
				158E96201A9CD75400910246 /* Translations */,
				156DED2F1A9B9CDD00FF8725 /* WBADetailViewController.h */,
				156DED301A9B9CDD00FF8725 /* WBADetailViewController.m */,
			);
			name = Detail;
			sourceTree = "<group>";
		};
		156DED511A9B9E3100FF8725 /* Views */ = {
			isa = PBXGroup;
			children = (
			);
			name = Views;
			sourceTree = "<group>";
		};
		156DED521A9BA16900FF8725 /* Edit & Add settings */ = {
			isa = PBXGroup;
			children = (
				156DED531A9BA19300FF8725 /* WBAEditSettingsViewController.h */,
				156DED541A9BA19300FF8725 /* WBAEditSettingsViewController.m */,
			);
			name = "Edit & Add settings";
			sourceTree = "<group>";
		};
		156DED591A9C846A00FF8725 /* Model */ = {
			isa = PBXGroup;
			children = (
				156DED5A1A9C849900FF8725 /* WBASettings.h */,
				156DED5B1A9C849900FF8725 /* WBASettings.m */,
			);
			name = Model;
			sourceTree = "<group>";
		};
		158E96201A9CD75400910246 /* Translations */ = {
			isa = PBXGroup;
			children = (
				158E96F01A9CED8100910246 /* WBAKeyDetailViewController.h */,
				158E96F11A9CED8100910246 /* WBAKeyDetailViewController.m */,
			);
			name = Translations;
			sourceTree = "<group>";
		};
		158E96511A9CE5CA00910246 /* Thirdparty */ = {
			isa = PBXGroup;
			children = (
				158E96521A9CE5CA00910246 /* WBA */,
				158E968E1A9CE5CB00910246 /* WBANetworking */,
			);
			path = Thirdparty;
			sourceTree = SOURCE_ROOT;
		};
		158E96521A9CE5CA00910246 /* WBA */ = {
			isa = PBXGroup;
			children = (
				158E966A1A9CE5CA00910246 /* WellBakedApp */,
			);
			path = WBA;
			sourceTree = "<group>";
		};
		158E966A1A9CE5CA00910246 /* WellBakedApp */ = {
			isa = PBXGroup;
			children = (
				158E966C1A9CE5CA00910246 /* UIBarItem+WBA.h */,
				158E966D1A9CE5CA00910246 /* UIBarItem+WBA.m */,
				158E966E1A9CE5CA00910246 /* UIButton+WBA.h */,
				158E966F1A9CE5CA00910246 /* UIButton+WBA.m */,
				158E96701A9CE5CA00910246 /* UILabel+WBA.h */,
				158E96711A9CE5CA00910246 /* UILabel+WBA.m */,
				158E96721A9CE5CA00910246 /* UISearchBar+WBA.h */,
				158E96731A9CE5CA00910246 /* UISearchBar+WBA.m */,
				158E96741A9CE5CA00910246 /* UITextField+WBA.h */,
				158E96751A9CE5CA00910246 /* UITextField+WBA.m */,
				158E96761A9CE5CA00910246 /* UITextView+WBA.h */,
				158E96771A9CE5CA00910246 /* UITextView+WBA.m */,
				158E96781A9CE5CA00910246 /* UIViewController+WBA.h */,
				158E96791A9CE5CA00910246 /* UIViewController+WBA.m */,
				158E967B1A9CE5CA00910246 /* WBACache.h */,
				158E967C1A9CE5CA00910246 /* WBACache.m */,
				158E967D1A9CE5CA00910246 /* WBAConfig.h */,
				158E967E1A9CE5CA00910246 /* WBAConfig.m */,
				158E967F1A9CE5CA00910246 /* WBAEnums.h */,
				158E96801A9CE5CA00910246 /* WBAMacros.h */,
				158E96811A9CE5CA00910246 /* WBAMain.h */,
				158E96821A9CE5CA00910246 /* WBAMain.m */,
				158E96831A9CE5CA00910246 /* WBAMainPrivate.h */,
				158E96841A9CE5CA00910246 /* WBAPrivateEnums.h */,
				158E96851A9CE5CA00910246 /* WBARegisteredElements.h */,
				158E96861A9CE5CA00910246 /* WBARegisteredElements.m */,
				158E96871A9CE5CA00910246 /* WBATranslationData.h */,
				158E96881A9CE5CA00910246 /* WBATranslationData.m */,
				158E96891A9CE5CA00910246 /* WBATranslations.h */,
				158E968A1A9CE5CA00910246 /* WBATranslations.m */,
				158E96ED1A9CEB6D00910246 /* WBALanguage.h */,
				158E96EE1A9CEB6D00910246 /* WBALanguage.m */,
			);
			path = WellBakedApp;
			sourceTree = "<group>";
		};
		158E968E1A9CE5CB00910246 /* WBANetworking */ = {
			isa = PBXGroup;
			children = (
				158E96901A9CE5CB00910246 /* UIKit+WBANetworking */,
				158E96A21A9CE5CB00910246 /* WBANetworking */,
			);
			path = WBANetworking;
			sourceTree = "<group>";
		};
		158E96901A9CE5CB00910246 /* UIKit+WBANetworking */ = {
			isa = PBXGroup;
			children = (
				158E96911A9CE5CB00910246 /* UIActivityIndicatorView+WBANetworking.h */,
				158E96921A9CE5CB00910246 /* UIActivityIndicatorView+WBANetworking.m */,
				158E96931A9CE5CB00910246 /* UIAlertView+WBANetworking.h */,
				158E96941A9CE5CB00910246 /* UIAlertView+WBANetworking.m */,
				158E96951A9CE5CB00910246 /* UIButton+WBANetworking.h */,
				158E96961A9CE5CB00910246 /* UIButton+WBANetworking.m */,
				158E96971A9CE5CB00910246 /* UIImageView+WBANetworking.h */,
				158E96981A9CE5CB00910246 /* UIImageView+WBANetworking.m */,
				158E96991A9CE5CB00910246 /* UIKit+WBANetworking.h */,
				158E969A1A9CE5CB00910246 /* UIProgressView+WBANetworking.h */,
				158E969B1A9CE5CB00910246 /* UIProgressView+WBANetworking.m */,
				158E969C1A9CE5CB00910246 /* UIRefreshControl+WBANetworking.h */,
				158E969D1A9CE5CB00910246 /* UIRefreshControl+WBANetworking.m */,
				158E969E1A9CE5CB00910246 /* UIWebView+WBANetworking.h */,
				158E969F1A9CE5CB00910246 /* UIWebView+WBANetworking.m */,
				158E96A01A9CE5CB00910246 /* WBANetworkActivityIndicatorManager.h */,
				158E96A11A9CE5CB00910246 /* WBANetworkActivityIndicatorManager.m */,
			);
			path = "UIKit+WBANetworking";
			sourceTree = "<group>";
		};
		158E96A21A9CE5CB00910246 /* WBANetworking */ = {
			isa = PBXGroup;
			children = (
				158E96A31A9CE5CB00910246 /* WBAHTTPRequestOperation.h */,
				158E96A41A9CE5CB00910246 /* WBAHTTPRequestOperation.m */,
				158E96A51A9CE5CB00910246 /* WBAHTTPRequestOperationManager.h */,
				158E96A61A9CE5CB00910246 /* WBAHTTPRequestOperationManager.m */,
				158E96A71A9CE5CB00910246 /* WBAHTTPSessionManager.h */,
				158E96A81A9CE5CB00910246 /* WBAHTTPSessionManager.m */,
				158E96A91A9CE5CB00910246 /* WBANetworking.h */,
				158E96AA1A9CE5CB00910246 /* WBANetworkReachabilityManager.h */,
				158E96AB1A9CE5CB00910246 /* WBANetworkReachabilityManager.m */,
				158E96AC1A9CE5CB00910246 /* WBASecurityPolicy.h */,
				158E96AD1A9CE5CB00910246 /* WBASecurityPolicy.m */,
				158E96AE1A9CE5CB00910246 /* WBAURLConnectionOperation.h */,
				158E96AF1A9CE5CB00910246 /* WBAURLConnectionOperation.m */,
				158E96B01A9CE5CB00910246 /* WBAURLRequestSerialization.h */,
				158E96B11A9CE5CB00910246 /* WBAURLRequestSerialization.m */,
				158E96B21A9CE5CB00910246 /* WBAURLResponseSerialization.h */,
				158E96B31A9CE5CB00910246 /* WBAURLResponseSerialization.m */,
				158E96B41A9CE5CB00910246 /* WBAURLSessionManager.h */,
				158E96B51A9CE5CB00910246 /* WBAURLSessionManager.m */,
			);
			path = WBANetworking;
			sourceTree = "<group>";
		};
		5C494F4B658A5F72650BFF36 /* Frameworks */ = {
			isa = PBXGroup;
			children = (
				158E961E1A9CD68E00910246 /* WBA2.framework */,
				8E1F04CB07E19B45422898A7 /* libPods.a */,
			);
			name = Frameworks;
			sourceTree = "<group>";
		};
		DA0CE5D101799937C6F6B9B6 /* Pods */ = {
			isa = PBXGroup;
			children = (
				D820F5E94CC73BB8C745A0FD /* Pods.debug.xcconfig */,
				7137CAB6F947C83B601327C6 /* Pods.release.xcconfig */,
			);
			name = Pods;
			sourceTree = "<group>";
		};
/* End PBXGroup section */

/* Begin PBXNativeTarget section */
		156DED1E1A9B9CDD00FF8725 /* LiveUI */ = {
			isa = PBXNativeTarget;
			buildConfigurationList = 156DED481A9B9CDD00FF8725 /* Build configuration list for PBXNativeTarget "LiveUI" */;
			buildPhases = (
				4788BF93EF236298B44C2B10 /* Check Pods Manifest.lock */,
				156DED1B1A9B9CDD00FF8725 /* Sources */,
				156DED1C1A9B9CDD00FF8725 /* Frameworks */,
				156DED1D1A9B9CDD00FF8725 /* Resources */,
				7BE5DB78F2E6CA739ACC9A5E /* Copy Pods Resources */,
			);
			buildRules = (
			);
			dependencies = (
			);
			name = LiveUI;
			productName = LiveUI;
			productReference = 156DED1F1A9B9CDD00FF8725 /* LiveUI.app */;
			productType = "com.apple.product-type.application";
		};
		156DED3D1A9B9CDD00FF8725 /* LiveUITests */ = {
			isa = PBXNativeTarget;
			buildConfigurationList = 156DED4B1A9B9CDD00FF8725 /* Build configuration list for PBXNativeTarget "LiveUITests" */;
			buildPhases = (
				156DED3A1A9B9CDD00FF8725 /* Sources */,
				156DED3B1A9B9CDD00FF8725 /* Frameworks */,
				156DED3C1A9B9CDD00FF8725 /* Resources */,
			);
			buildRules = (
			);
			dependencies = (
				156DED401A9B9CDD00FF8725 /* PBXTargetDependency */,
			);
			name = LiveUITests;
			productName = LiveUITests;
			productReference = 156DED3E1A9B9CDD00FF8725 /* LiveUITests.xctest */;
			productType = "com.apple.product-type.bundle.unit-test";
		};
/* End PBXNativeTarget section */

/* Begin PBXProject section */
		156DED171A9B9CDD00FF8725 /* Project object */ = {
			isa = PBXProject;
			attributes = {
				LastUpgradeCheck = 0610;
				ORGANIZATIONNAME = "Ridiculous Innovations";
				TargetAttributes = {
					156DED1E1A9B9CDD00FF8725 = {
						CreatedOnToolsVersion = 6.1.1;
					};
					156DED3D1A9B9CDD00FF8725 = {
						CreatedOnToolsVersion = 6.1.1;
						TestTargetID = 156DED1E1A9B9CDD00FF8725;
					};
				};
			};
			buildConfigurationList = 156DED1A1A9B9CDD00FF8725 /* Build configuration list for PBXProject "LiveUI" */;
			compatibilityVersion = "Xcode 3.2";
			developmentRegion = English;
			hasScannedForEncodings = 0;
			knownRegions = (
				en,
				Base,
			);
			mainGroup = 156DED161A9B9CDD00FF8725;
			productRefGroup = 156DED201A9B9CDD00FF8725 /* Products */;
			projectDirPath = "";
			projectRoot = "";
			targets = (
				156DED1E1A9B9CDD00FF8725 /* LiveUI */,
				156DED3D1A9B9CDD00FF8725 /* LiveUITests */,
			);
		};
/* End PBXProject section */

/* Begin PBXResourcesBuildPhase section */
		156DED1D1A9B9CDD00FF8725 /* Resources */ = {
			isa = PBXResourcesBuildPhase;
			buildActionMask = 2147483647;
			files = (
				156DED341A9B9CDD00FF8725 /* Main.storyboard in Resources */,
				156DED391A9B9CDD00FF8725 /* LaunchScreen.xib in Resources */,
				156DED361A9B9CDD00FF8725 /* Images.xcassets in Resources */,
			);
			runOnlyForDeploymentPostprocessing = 0;
		};
		156DED3C1A9B9CDD00FF8725 /* Resources */ = {
			isa = PBXResourcesBuildPhase;
			buildActionMask = 2147483647;
			files = (
			);
			runOnlyForDeploymentPostprocessing = 0;
		};
/* End PBXResourcesBuildPhase section */

/* Begin PBXShellScriptBuildPhase section */
		4788BF93EF236298B44C2B10 /* Check Pods Manifest.lock */ = {
			isa = PBXShellScriptBuildPhase;
			buildActionMask = 2147483647;
			files = (
			);
			inputPaths = (
			);
			name = "Check Pods Manifest.lock";
			outputPaths = (
			);
			runOnlyForDeploymentPostprocessing = 0;
			shellPath = /bin/sh;
			shellScript = "diff \"${PODS_ROOT}/../Podfile.lock\" \"${PODS_ROOT}/Manifest.lock\" > /dev/null\nif [[ $? != 0 ]] ; then\n    cat << EOM\nerror: The sandbox is not in sync with the Podfile.lock. Run 'pod install' or update your CocoaPods installation.\nEOM\n    exit 1\nfi\n";
			showEnvVarsInLog = 0;
		};
		7BE5DB78F2E6CA739ACC9A5E /* Copy Pods Resources */ = {
			isa = PBXShellScriptBuildPhase;
			buildActionMask = 2147483647;
			files = (
			);
			inputPaths = (
			);
			name = "Copy Pods Resources";
			outputPaths = (
			);
			runOnlyForDeploymentPostprocessing = 0;
			shellPath = /bin/sh;
			shellScript = "\"${SRCROOT}/Pods/Target Support Files/Pods/Pods-resources.sh\"\n";
			showEnvVarsInLog = 0;
		};
/* End PBXShellScriptBuildPhase section */

/* Begin PBXSourcesBuildPhase section */
		156DED1B1A9B9CDD00FF8725 /* Sources */ = {
			isa = PBXSourcesBuildPhase;
			buildActionMask = 2147483647;
			files = (
				158E96CB1A9CE5CB00910246 /* WBAMain.m in Sources */,
				158E96DB1A9CE5CB00910246 /* WBANetworkReachabilityManager.m in Sources */,
				158E96C31A9CE5CB00910246 /* UIButton+WBA.m in Sources */,
				158E96D31A9CE5CB00910246 /* UIImageView+WBANetworking.m in Sources */,
				158E96D11A9CE5CB00910246 /* UIAlertView+WBANetworking.m in Sources */,
				158E96D01A9CE5CB00910246 /* UIActivityIndicatorView+WBANetworking.m in Sources */,
				158E96CD1A9CE5CB00910246 /* WBATranslationData.m in Sources */,
				156DED5C1A9C849900FF8725 /* WBASettings.m in Sources */,
				158E96C61A9CE5CB00910246 /* UITextField+WBA.m in Sources */,
				158E96D81A9CE5CB00910246 /* WBAHTTPRequestOperation.m in Sources */,
				158E96C81A9CE5CB00910246 /* UIViewController+WBA.m in Sources */,
				158E96C91A9CE5CB00910246 /* WBACache.m in Sources */,
				156DED311A9B9CDD00FF8725 /* WBADetailViewController.m in Sources */,
				158E96DA1A9CE5CB00910246 /* WBAHTTPSessionManager.m in Sources */,
				158E96DE1A9CE5CB00910246 /* WBAURLRequestSerialization.m in Sources */,
				158E96D61A9CE5CB00910246 /* UIWebView+WBANetworking.m in Sources */,
				158E96D71A9CE5CB00910246 /* WBANetworkActivityIndicatorManager.m in Sources */,
				158E96D41A9CE5CB00910246 /* UIProgressView+WBANetworking.m in Sources */,
				158E96D51A9CE5CB00910246 /* UIRefreshControl+WBANetworking.m in Sources */,
				158E96CE1A9CE5CB00910246 /* WBATranslations.m in Sources */,
				158E96E01A9CE5CB00910246 /* WBAURLSessionManager.m in Sources */,
				156DED2E1A9B9CDD00FF8725 /* WBAMasterViewController.m in Sources */,
				158E96C51A9CE5CB00910246 /* UISearchBar+WBA.m in Sources */,
				156DED551A9BA19300FF8725 /* WBAEditSettingsViewController.m in Sources */,
				156DED281A9B9CDD00FF8725 /* AppDelegate.m in Sources */,
				158E96CA1A9CE5CB00910246 /* WBAConfig.m in Sources */,
				158E96C21A9CE5CB00910246 /* UIBarItem+WBA.m in Sources */,
				158E96DF1A9CE5CB00910246 /* WBAURLResponseSerialization.m in Sources */,
				158E96D21A9CE5CB00910246 /* UIButton+WBANetworking.m in Sources */,
				158E96C41A9CE5CB00910246 /* UILabel+WBA.m in Sources */,
				156DED251A9B9CDD00FF8725 /* main.m in Sources */,
				158E96CC1A9CE5CB00910246 /* WBARegisteredElements.m in Sources */,
				158E96F21A9CED8100910246 /* WBAKeyDetailViewController.m in Sources */,
				158E96C71A9CE5CB00910246 /* UITextView+WBA.m in Sources */,
				158E96D91A9CE5CB00910246 /* WBAHTTPRequestOperationManager.m in Sources */,
				158E96EF1A9CEB6D00910246 /* WBALanguage.m in Sources */,
				158E96DC1A9CE5CB00910246 /* WBASecurityPolicy.m in Sources */,
				158E96DD1A9CE5CB00910246 /* WBAURLConnectionOperation.m in Sources */,
				156DED2B1A9B9CDD00FF8725 /* LiveUI.xcdatamodeld in Sources */,
			);
			runOnlyForDeploymentPostprocessing = 0;
		};
		156DED3A1A9B9CDD00FF8725 /* Sources */ = {
			isa = PBXSourcesBuildPhase;
			buildActionMask = 2147483647;
			files = (
				156DED451A9B9CDD00FF8725 /* LiveUITests.m in Sources */,
			);
			runOnlyForDeploymentPostprocessing = 0;
		};
/* End PBXSourcesBuildPhase section */

/* Begin PBXTargetDependency section */
		156DED401A9B9CDD00FF8725 /* PBXTargetDependency */ = {
			isa = PBXTargetDependency;
			target = 156DED1E1A9B9CDD00FF8725 /* LiveUI */;
			targetProxy = 156DED3F1A9B9CDD00FF8725 /* PBXContainerItemProxy */;
		};
/* End PBXTargetDependency section */

/* Begin PBXVariantGroup section */
		156DED321A9B9CDD00FF8725 /* Main.storyboard */ = {
			isa = PBXVariantGroup;
			children = (
				156DED331A9B9CDD00FF8725 /* Base */,
			);
			name = Main.storyboard;
			sourceTree = "<group>";
		};
		156DED371A9B9CDD00FF8725 /* LaunchScreen.xib */ = {
			isa = PBXVariantGroup;
			children = (
				156DED381A9B9CDD00FF8725 /* Base */,
			);
			name = LaunchScreen.xib;
			sourceTree = "<group>";
		};
/* End PBXVariantGroup section */

/* Begin XCBuildConfiguration section */
		156DED461A9B9CDD00FF8725 /* Debug */ = {
			isa = XCBuildConfiguration;
			buildSettings = {
				ALWAYS_SEARCH_USER_PATHS = NO;
				CLANG_CXX_LANGUAGE_STANDARD = "gnu++0x";
				CLANG_CXX_LIBRARY = "libc++";
				CLANG_ENABLE_MODULES = YES;
				CLANG_ENABLE_OBJC_ARC = YES;
				CLANG_WARN_BOOL_CONVERSION = YES;
				CLANG_WARN_CONSTANT_CONVERSION = YES;
				CLANG_WARN_DIRECT_OBJC_ISA_USAGE = YES_ERROR;
				CLANG_WARN_EMPTY_BODY = YES;
				CLANG_WARN_ENUM_CONVERSION = YES;
				CLANG_WARN_INT_CONVERSION = YES;
				CLANG_WARN_OBJC_ROOT_CLASS = YES_ERROR;
				CLANG_WARN_UNREACHABLE_CODE = YES;
				CLANG_WARN__DUPLICATE_METHOD_MATCH = YES;
				"CODE_SIGN_IDENTITY[sdk=iphoneos*]" = "";
				COPY_PHASE_STRIP = NO;
				ENABLE_STRICT_OBJC_MSGSEND = YES;
				GCC_C_LANGUAGE_STANDARD = gnu99;
				GCC_DYNAMIC_NO_PIC = NO;
				GCC_OPTIMIZATION_LEVEL = 0;
				GCC_PREPROCESSOR_DEFINITIONS = (
					"DEBUG=1",
					"$(inherited)",
				);
				GCC_SYMBOLS_PRIVATE_EXTERN = NO;
				GCC_WARN_64_TO_32_BIT_CONVERSION = YES;
				GCC_WARN_ABOUT_RETURN_TYPE = YES_ERROR;
				GCC_WARN_UNDECLARED_SELECTOR = YES;
				GCC_WARN_UNINITIALIZED_AUTOS = YES_AGGRESSIVE;
				GCC_WARN_UNUSED_FUNCTION = YES;
				GCC_WARN_UNUSED_VARIABLE = YES;
				IPHONEOS_DEPLOYMENT_TARGET = 8.1;
				MTL_ENABLE_DEBUG_INFO = YES;
				ONLY_ACTIVE_ARCH = YES;
				SDKROOT = iphoneos;
				TARGETED_DEVICE_FAMILY = 2;
			};
			name = Debug;
		};
		156DED471A9B9CDD00FF8725 /* Release */ = {
			isa = XCBuildConfiguration;
			buildSettings = {
				ALWAYS_SEARCH_USER_PATHS = NO;
				CLANG_CXX_LANGUAGE_STANDARD = "gnu++0x";
				CLANG_CXX_LIBRARY = "libc++";
				CLANG_ENABLE_MODULES = YES;
				CLANG_ENABLE_OBJC_ARC = YES;
				CLANG_WARN_BOOL_CONVERSION = YES;
				CLANG_WARN_CONSTANT_CONVERSION = YES;
				CLANG_WARN_DIRECT_OBJC_ISA_USAGE = YES_ERROR;
				CLANG_WARN_EMPTY_BODY = YES;
				CLANG_WARN_ENUM_CONVERSION = YES;
				CLANG_WARN_INT_CONVERSION = YES;
				CLANG_WARN_OBJC_ROOT_CLASS = YES_ERROR;
				CLANG_WARN_UNREACHABLE_CODE = YES;
				CLANG_WARN__DUPLICATE_METHOD_MATCH = YES;
				"CODE_SIGN_IDENTITY[sdk=iphoneos*]" = "";
				COPY_PHASE_STRIP = YES;
				ENABLE_NS_ASSERTIONS = NO;
				ENABLE_STRICT_OBJC_MSGSEND = YES;
				GCC_C_LANGUAGE_STANDARD = gnu99;
				GCC_WARN_64_TO_32_BIT_CONVERSION = YES;
				GCC_WARN_ABOUT_RETURN_TYPE = YES_ERROR;
				GCC_WARN_UNDECLARED_SELECTOR = YES;
				GCC_WARN_UNINITIALIZED_AUTOS = YES_AGGRESSIVE;
				GCC_WARN_UNUSED_FUNCTION = YES;
				GCC_WARN_UNUSED_VARIABLE = YES;
				IPHONEOS_DEPLOYMENT_TARGET = 8.1;
				MTL_ENABLE_DEBUG_INFO = NO;
				SDKROOT = iphoneos;
				TARGETED_DEVICE_FAMILY = 2;
				VALIDATE_PRODUCT = YES;
			};
			name = Release;
		};
		156DED491A9B9CDD00FF8725 /* Debug */ = {
			isa = XCBuildConfiguration;
			baseConfigurationReference = D820F5E94CC73BB8C745A0FD /* Pods.debug.xcconfig */;
			buildSettings = {
				ASSETCATALOG_COMPILER_APPICON_NAME = AppIcon;
				CODE_SIGN_IDENTITY = "iPhone Developer";
				"CODE_SIGN_IDENTITY[sdk=iphoneos*]" = "iPhone Developer";
				FRAMEWORK_SEARCH_PATHS = (
					"$(inherited)",
					"$(PROJECT_DIR)",
					"$(USER_LIBRARY_DIR)/Developer/Xcode/DerivedData/WellBakedApp-fokfyfwrhuwzckbtrfvczpdvvghf/Build/Intermediates/ArchiveIntermediates/WBA2/IntermediateBuildFilesPath/UninstalledProducts",
					"$(PROJECT_DIR)/Thirdparty/WBA/Product/iOS-framework",
					"$(PROJECT_DIR)/Thirdparty/WBA/Product/OSX-framework",
				);
				INFOPLIST_FILE = LiveUI/Info.plist;
				IPHONEOS_DEPLOYMENT_TARGET = 8.1;
				LD_RUNPATH_SEARCH_PATHS = "$(inherited) @executable_path/Frameworks";
				PRODUCT_NAME = "$(TARGET_NAME)";
			};
			name = Debug;
		};
		156DED4A1A9B9CDD00FF8725 /* Release */ = {
			isa = XCBuildConfiguration;
			baseConfigurationReference = 7137CAB6F947C83B601327C6 /* Pods.release.xcconfig */;
			buildSettings = {
				ASSETCATALOG_COMPILER_APPICON_NAME = AppIcon;
				FRAMEWORK_SEARCH_PATHS = (
					"$(inherited)",
					"$(PROJECT_DIR)",
					"$(USER_LIBRARY_DIR)/Developer/Xcode/DerivedData/WellBakedApp-fokfyfwrhuwzckbtrfvczpdvvghf/Build/Intermediates/ArchiveIntermediates/WBA2/IntermediateBuildFilesPath/UninstalledProducts",
					"$(PROJECT_DIR)/Thirdparty/WBA/Product/iOS-framework",
					"$(PROJECT_DIR)/Thirdparty/WBA/Product/OSX-framework",
				);
				INFOPLIST_FILE = LiveUI/Info.plist;
				IPHONEOS_DEPLOYMENT_TARGET = 8.1;
				LD_RUNPATH_SEARCH_PATHS = "$(inherited) @executable_path/Frameworks";
				PRODUCT_NAME = "$(TARGET_NAME)";
			};
			name = Release;
		};
		156DED4C1A9B9CDD00FF8725 /* Debug */ = {
			isa = XCBuildConfiguration;
			baseConfigurationReference = D820F5E94CC73BB8C745A0FD /* Pods.debug.xcconfig */;
			buildSettings = {
				BUNDLE_LOADER = "$(TEST_HOST)";
				CODE_SIGN_IDENTITY = "iPhone Developer";
				FRAMEWORK_SEARCH_PATHS = (
					"$(SDKROOT)/Developer/Library/Frameworks",
					"$(inherited)",
					"$(PROJECT_DIR)",
					"$(USER_LIBRARY_DIR)/Developer/Xcode/DerivedData/WellBakedApp-fokfyfwrhuwzckbtrfvczpdvvghf/Build/Intermediates/ArchiveIntermediates/WBA2/IntermediateBuildFilesPath/UninstalledProducts",
				);
				GCC_PREPROCESSOR_DEFINITIONS = (
					"DEBUG=1",
					"$(inherited)",
				);
				INFOPLIST_FILE = LiveUITests/Info.plist;
				LD_RUNPATH_SEARCH_PATHS = "$(inherited) @executable_path/Frameworks @loader_path/Frameworks";
				PRODUCT_NAME = "$(TARGET_NAME)";
				TEST_HOST = "$(BUILT_PRODUCTS_DIR)/LiveUI.app/LiveUI";
			};
			name = Debug;
		};
		156DED4D1A9B9CDD00FF8725 /* Release */ = {
			isa = XCBuildConfiguration;
			baseConfigurationReference = 7137CAB6F947C83B601327C6 /* Pods.release.xcconfig */;
			buildSettings = {
				BUNDLE_LOADER = "$(TEST_HOST)";
				FRAMEWORK_SEARCH_PATHS = (
					"$(SDKROOT)/Developer/Library/Frameworks",
					"$(inherited)",
					"$(PROJECT_DIR)",
					"$(USER_LIBRARY_DIR)/Developer/Xcode/DerivedData/WellBakedApp-fokfyfwrhuwzckbtrfvczpdvvghf/Build/Intermediates/ArchiveIntermediates/WBA2/IntermediateBuildFilesPath/UninstalledProducts",
				);
				INFOPLIST_FILE = LiveUITests/Info.plist;
				LD_RUNPATH_SEARCH_PATHS = "$(inherited) @executable_path/Frameworks @loader_path/Frameworks";
				PRODUCT_NAME = "$(TARGET_NAME)";
				TEST_HOST = "$(BUILT_PRODUCTS_DIR)/LiveUI.app/LiveUI";
			};
			name = Release;
		};
		156DED5D1A9C91AE00FF8725 /* Enterprise */ = {
			isa = XCBuildConfiguration;
			buildSettings = {
				ALWAYS_SEARCH_USER_PATHS = NO;
				CLANG_CXX_LANGUAGE_STANDARD = "gnu++0x";
				CLANG_CXX_LIBRARY = "libc++";
				CLANG_ENABLE_MODULES = YES;
				CLANG_ENABLE_OBJC_ARC = YES;
				CLANG_WARN_BOOL_CONVERSION = YES;
				CLANG_WARN_CONSTANT_CONVERSION = YES;
				CLANG_WARN_DIRECT_OBJC_ISA_USAGE = YES_ERROR;
				CLANG_WARN_EMPTY_BODY = YES;
				CLANG_WARN_ENUM_CONVERSION = YES;
				CLANG_WARN_INT_CONVERSION = YES;
				CLANG_WARN_OBJC_ROOT_CLASS = YES_ERROR;
				CLANG_WARN_UNREACHABLE_CODE = YES;
				CLANG_WARN__DUPLICATE_METHOD_MATCH = YES;
				"CODE_SIGN_IDENTITY[sdk=iphoneos*]" = "";
				COPY_PHASE_STRIP = YES;
				ENABLE_NS_ASSERTIONS = NO;
				ENABLE_STRICT_OBJC_MSGSEND = YES;
				GCC_C_LANGUAGE_STANDARD = gnu99;
				GCC_WARN_64_TO_32_BIT_CONVERSION = YES;
				GCC_WARN_ABOUT_RETURN_TYPE = YES_ERROR;
				GCC_WARN_UNDECLARED_SELECTOR = YES;
				GCC_WARN_UNINITIALIZED_AUTOS = YES_AGGRESSIVE;
				GCC_WARN_UNUSED_FUNCTION = YES;
				GCC_WARN_UNUSED_VARIABLE = YES;
				IPHONEOS_DEPLOYMENT_TARGET = 8.1;
				MTL_ENABLE_DEBUG_INFO = NO;
				SDKROOT = iphoneos;
				TARGETED_DEVICE_FAMILY = 2;
				VALIDATE_PRODUCT = YES;
			};
			name = Enterprise;
		};
		156DED5E1A9C91AE00FF8725 /* Enterprise */ = {
			isa = XCBuildConfiguration;
			baseConfigurationReference = 7137CAB6F947C83B601327C6 /* Pods.release.xcconfig */;
			buildSettings = {
				ASSETCATALOG_COMPILER_APPICON_NAME = AppIcon;
				"CODE_SIGN_IDENTITY[sdk=iphoneos*]" = "iPhone Distribution: Fuerte Int Ltd";
				FRAMEWORK_SEARCH_PATHS = (
					"$(inherited)",
					"$(PROJECT_DIR)",
					"$(USER_LIBRARY_DIR)/Developer/Xcode/DerivedData/WellBakedApp-fokfyfwrhuwzckbtrfvczpdvvghf/Build/Intermediates/ArchiveIntermediates/WBA2/IntermediateBuildFilesPath/UninstalledProducts",
					"$(PROJECT_DIR)/Thirdparty/WBA/Product/iOS-framework",
					"$(PROJECT_DIR)/Thirdparty/WBA/Product/OSX-framework",
				);
				INFOPLIST_FILE = LiveUI/Info.plist;
				IPHONEOS_DEPLOYMENT_TARGET = 8.1;
				LD_RUNPATH_SEARCH_PATHS = "$(inherited) @executable_path/Frameworks";
				PRODUCT_NAME = "$(TARGET_NAME)";
				PROVISIONING_PROFILE = "8DE82982-C128-4E90-A941-5001D32DFC4C";
			};
			name = Enterprise;
		};
		156DED5F1A9C91AE00FF8725 /* Enterprise */ = {
			isa = XCBuildConfiguration;
			baseConfigurationReference = 7137CAB6F947C83B601327C6 /* Pods.release.xcconfig */;
			buildSettings = {
				BUNDLE_LOADER = "$(TEST_HOST)";
				CODE_SIGN_IDENTITY = "iPhone Distribution: Fuerte Int Ltd";
				FRAMEWORK_SEARCH_PATHS = (
					"$(SDKROOT)/Developer/Library/Frameworks",
					"$(inherited)",
					"$(PROJECT_DIR)",
					"$(USER_LIBRARY_DIR)/Developer/Xcode/DerivedData/WellBakedApp-fokfyfwrhuwzckbtrfvczpdvvghf/Build/Intermediates/ArchiveIntermediates/WBA2/IntermediateBuildFilesPath/UninstalledProducts",
				);
				INFOPLIST_FILE = LiveUITests/Info.plist;
				LD_RUNPATH_SEARCH_PATHS = "$(inherited) @executable_path/Frameworks @loader_path/Frameworks";
				PRODUCT_NAME = "$(TARGET_NAME)";
				TEST_HOST = "$(BUILT_PRODUCTS_DIR)/LiveUI.app/LiveUI";
			};
			name = Enterprise;
		};
/* End XCBuildConfiguration section */

/* Begin XCConfigurationList section */
		156DED1A1A9B9CDD00FF8725 /* Build configuration list for PBXProject "LiveUI" */ = {
			isa = XCConfigurationList;
			buildConfigurations = (
				156DED461A9B9CDD00FF8725 /* Debug */,
				156DED471A9B9CDD00FF8725 /* Release */,
				156DED5D1A9C91AE00FF8725 /* Enterprise */,
			);
			defaultConfigurationIsVisible = 0;
			defaultConfigurationName = Release;
		};
		156DED481A9B9CDD00FF8725 /* Build configuration list for PBXNativeTarget "LiveUI" */ = {
			isa = XCConfigurationList;
			buildConfigurations = (
				156DED491A9B9CDD00FF8725 /* Debug */,
				156DED4A1A9B9CDD00FF8725 /* Release */,
				156DED5E1A9C91AE00FF8725 /* Enterprise */,
			);
			defaultConfigurationIsVisible = 0;
			defaultConfigurationName = Release;
		};
		156DED4B1A9B9CDD00FF8725 /* Build configuration list for PBXNativeTarget "LiveUITests" */ = {
			isa = XCConfigurationList;
			buildConfigurations = (
				156DED4C1A9B9CDD00FF8725 /* Debug */,
				156DED4D1A9B9CDD00FF8725 /* Release */,
				156DED5F1A9C91AE00FF8725 /* Enterprise */,
			);
			defaultConfigurationIsVisible = 0;
			defaultConfigurationName = Release;
		};
/* End XCConfigurationList section */

/* Begin XCVersionGroup section */
		156DED291A9B9CDD00FF8725 /* LiveUI.xcdatamodeld */ = {
			isa = XCVersionGroup;
			children = (
				156DED2A1A9B9CDD00FF8725 /* LiveUI.xcdatamodel */,
			);
			currentVersion = 156DED2A1A9B9CDD00FF8725 /* LiveUI.xcdatamodel */;
			path = LiveUI.xcdatamodeld;
			sourceTree = "<group>";
			versionGroupType = wrapper.xcdatamodel;
		};
/* End XCVersionGroup section */
	};
	rootObject = 156DED171A9B9CDD00FF8725 /* Project object */;
}
